
Microsoft Visual Studio Solution File, Format Version 12.00
# Visual Studio Version 16
VisualStudioVersion = 16.0.30717.126
MinimumVisualStudioVersion = 10.0.40219.1
Project("{9A19103F-16F7-4668-BE54-9A1E7A4F7556}") = "AdvertisementMessage", "AdvertisementMessage\AdvertisementMessage.csproj", "{8C822490-796E-4B95-9D4C-4913657601B7}"
EndProject
Project("{9A19103F-16F7-4668-BE54-9A1E7A4F7556}") = "Articles", "Articles\Articles.csproj", "{FC4800A5-E8E8-437E-8226-CBCF030C5198}"
EndProject
Project("{9A19103F-16F7-4668-BE54-9A1E7A4F7556}") = "ArticlesTwo", "ArticlesTwo\ArticlesTwo.csproj", "{C1165DA4-9C5A-4C6C-A035-673C442D3B40}"
EndProject
Project("{9A19103F-16F7-4668-BE54-9A1E7A4F7556}") = "Students", "Students\Students.csproj", "{6F3BD368-6A5D-42AD-BA61-45645940B37E}"
EndProject
Project("{9A19103F-16F7-4668-BE54-9A1E7A4F7556}") = "TeamworkProjects", "TeamworkProjects\TeamworkProjects.csproj", "{2EA93A17-2915-4C9F-BD84-70514A94090B}"
EndProject
Project("{FAE04EC0-301F-11D3-BF4B-00C04F79EFBC}") = "VehicleCatalogue", "VehicleCatalogue\VehicleCatalogue.csproj", "{6B2A1D8D-F8A8-40AC-BC92-907AB0F5B92B}"
EndProject
Project("{FAE04EC0-301F-11D3-BF4B-00C04F79EFBC}") = "OrderByAge", "OrderByAge\OrderByAge.csproj", "{D3FB3E17-9D3A-4200-BEA0-0EB1245DE525}"
EndProject
Global
	GlobalSection(SolutionConfigurationPlatforms) = preSolution
		Debug|Any CPU = Debug|Any CPU
		Release|Any CPU = Release|Any CPU
	EndGlobalSection
	GlobalSection(ProjectConfigurationPlatforms) = postSolution
		{8C822490-796E-4B95-9D4C-4913657601B7}.Debug|Any CPU.ActiveCfg = Debug|Any CPU
		{8C822490-796E-4B95-9D4C-4913657601B7}.Debug|Any CPU.Build.0 = Debug|Any CPU
		{8C822490-796E-4B95-9D4C-4913657601B7}.Release|Any CPU.ActiveCfg = Release|Any CPU
		{8C822490-796E-4B95-9D4C-4913657601B7}.Release|Any CPU.Build.0 = Release|Any CPU
		{FC4800A5-E8E8-437E-8226-CBCF030C5198}.Debug|Any CPU.ActiveCfg = Debug|Any CPU
		{FC4800A5-E8E8-437E-8226-CBCF030C5198}.Debug|Any CPU.Build.0 = Debug|Any CPU
		{FC4800A5-E8E8-437E-8226-CBCF030C5198}.Release|Any CPU.ActiveCfg = Release|Any CPU
		{FC4800A5-E8E8-437E-8226-CBCF030C5198}.Release|Any CPU.Build.0 = Release|Any CPU
		{C1165DA4-9C5A-4C6C-A035-673C442D3B40}.Debug|Any CPU.ActiveCfg = Debug|Any CPU
		{C1165DA4-9C5A-4C6C-A035-673C442D3B40}.Debug|Any CPU.Build.0 = Debug|Any CPU
		{C1165DA4-9C5A-4C6C-A035-673C442D3B40}.Release|Any CPU.ActiveCfg = Release|Any CPU
		{C1165DA4-9C5A-4C6C-A035-673C442D3B40}.Release|Any CPU.Build.0 = Release|Any CPU
		{6F3BD368-6A5D-42AD-BA61-45645940B37E}.Debug|Any CPU.ActiveCfg = Debug|Any CPU
		{6F3BD368-6A5D-42AD-BA61-45645940B37E}.Debug|Any CPU.Build.0 = Debug|Any CPU
		{6F3BD368-6A5D-42AD-BA61-45645940B37E}.Release|Any CPU.ActiveCfg = Release|Any CPU
		{6F3BD368-6A5D-42AD-BA61-45645940B37E}.Release|Any CPU.Build.0 = Release|Any CPU
		{2EA93A17-2915-4C9F-BD84-70514A94090B}.Debug|Any CPU.ActiveCfg = Debug|Any CPU
		{2EA93A17-2915-4C9F-BD84-70514A94090B}.Debug|Any CPU.Build.0 = Debug|Any CPU
		{2EA93A17-2915-4C9F-BD84-70514A94090B}.Release|Any CPU.ActiveCfg = Release|Any CPU
		{2EA93A17-2915-4C9F-BD84-70514A94090B}.Release|Any CPU.Build.0 = Release|Any CPU
		{6B2A1D8D-F8A8-40AC-BC92-907AB0F5B92B}.Debug|Any CPU.ActiveCfg = Debug|Any CPU
		{6B2A1D8D-F8A8-40AC-BC92-907AB0F5B92B}.Debug|Any CPU.Build.0 = Debug|Any CPU
		{6B2A1D8D-F8A8-40AC-BC92-907AB0F5B92B}.Release|Any CPU.ActiveCfg = Release|Any CPU
		{6B2A1D8D-F8A8-40AC-BC92-907AB0F5B92B}.Release|Any CPU.Build.0 = Release|Any CPU
		{D3FB3E17-9D3A-4200-BEA0-0EB1245DE525}.Debug|Any CPU.ActiveCfg = Debug|Any CPU
		{D3FB3E17-9D3A-4200-BEA0-0EB1245DE525}.Debug|Any CPU.Build.0 = Debug|Any CPU
		{D3FB3E17-9D3A-4200-BEA0-0EB1245DE525}.Release|Any CPU.ActiveCfg = Release|Any CPU
		{D3FB3E17-9D3A-4200-BEA0-0EB1245DE525}.Release|Any CPU.Build.0 = Release|Any CPU
	EndGlobalSection
	GlobalSection(SolutionProperties) = preSolution
		HideSolutionNode = FALSE
	EndGlobalSection
	GlobalSection(ExtensibilityGlobals) = postSolution
		SolutionGuid = {E3171010-6649-4696-96F0-F19C16255402}
	EndGlobalSection
EndGlobal
